
Microsoft Visual Studio Solution File, Format Version 12.00
# Visual Studio Version 16
VisualStudioVersion = 16.0.33529.622
MinimumVisualStudioVersion = 10.0.40219.1
Project("{FAE04EC0-301F-11D3-BF4B-00C04F79EFBC}") = "Projekat", "Projekat.csproj", "{D1DD3123-FFE7-463D-BB63-724AA5E607B0}"
EndProject
Global
	GlobalSection(SolutionConfigurationPlatforms) = preSolution
		Debug|Any CPU = Debug|Any CPU
		Release|Any CPU = Release|Any CPU
	EndGlobalSection
	GlobalSection(ProjectConfigurationPlatforms) = postSolution
		{D1DD3123-FFE7-463D-BB63-724AA5E607B0}.Debug|Any CPU.ActiveCfg = Debug|Any CPU
		{D1DD3123-FFE7-463D-BB63-724AA5E607B0}.Debug|Any CPU.Build.0 = Debug|Any CPU
		{D1DD3123-FFE7-463D-BB63-724AA5E607B0}.Release|Any CPU.ActiveCfg = Release|Any CPU
		{D1DD3123-FFE7-463D-BB63-724AA5E607B0}.Release|Any CPU.Build.0 = Release|Any CPU
	EndGlobalSection
	GlobalSection(SolutionProperties) = preSolution
		HideSolutionNode = FALSE
	EndGlobalSection
	GlobalSection(ExtensibilityGlobals) = postSolution
		SolutionGuid = {C3EF9726-5089-4793-99B6-C6B4265BA56E}
	EndGlobalSection
EndGlobal
